PODS:
  - CocoaMQTT (2.1.0):
    - CocoaMQTT/Core (= 2.1.0)
  - CocoaMQTT/Core (2.1.0):
    - MqttCocoaAsyncSocket (~> 1.0.8)
  - MqttCocoaAsyncSocket (1.0.8)
  - Pushy (1.0.46):
    - CocoaMQTT (= 2.1.0)

DEPENDENCIES:
  - Pushy (= 1.0.46)

SPEC REPOS:
  trunk:
    - CocoaMQTT
    - MqttCocoaAsyncSocket
    - Pushy

SPEC CHECKSUMS:
  CocoaMQTT: 43666585403f664bb55361189c03c54897060324
  MqttCocoaAsyncSocket: 77d3b74f76228dd5a05d1f9526eab101d415b30c
  Pushy: 02feb2c04cf82efb62a69d0f624da8ee7dbfe19d

PODFILE CHECKSUM: b2a39f195dfe36a5fa545ea9c7aa102b81b89f8c

COCOAPODS: 1.15.2
